
Microsoft Visual Studio Solution File, Format Version 12.00
# Visual Studio 15
VisualStudioVersion = 15.0.26124.0
MinimumVisualStudioVersion = 15.0.26124.0
Project("{9A19103F-16F7-4668-BE54-9A1E7A4F7556}") = "CloudPad", "CloudPad\CloudPad.csproj", "{950E0A4C-470D-4FD2-B90E-B9150CCCB4BB}"
EndProject
Project("{9A19103F-16F7-4668-BE54-9A1E7A4F7556}") = "CloudPad.FunctionApp", "CloudPad.FunctionApp\CloudPad.FunctionApp.csproj", "{5B077C09-B76A-4B2C-A46C-772CADED29FF}"
EndProject
Project("{911E67C6-3D85-4FCE-B560-20A9C3E3FF48}") = "func", "..\..\..\AppData\Local\CloudPad\func.1.0.19\func.exe", "{D72994B8-B379-4244-9F1C-AEE715218C37}"
	ProjectSection(DebuggerProjectSystem) = preProject
		PortSupplier = 00000000-0000-0000-0000-000000000000
		Executable = C:\ProgramData\CloudPad\func\1.0.19\func.exe
		RemoteMachine = DESKTOP-VA266S2
		StartingDirectory = C:\Users\leidegre\AppData\Local\CloudPad\4c4e47e61bc05820bb60c096c486f7aa77077cfde28cd20cc9e510d364fba9b3
		Arguments = host start
		Environment = Default
		LaunchingEngine = fb0d4648-f776-4980-95f8-bb7f36ebc1ee
		UseLegacyDebugEngines = No
		LaunchSQLEngine = No
		AttachLaunchAction = No
	EndProjectSection
EndProject
Project("{911E67C6-3D85-4FCE-B560-20A9C3E3FF48}") = "LPRun", "..\..\..\..\..\Program Files (x86)\LINQPad5\LPRun.exe", "{E5627396-C7D4-48FC-AE59-6EC6BFA98287}"
	ProjectSection(DebuggerProjectSystem) = preProject
		PortSupplier = 00000000-0000-0000-0000-000000000000
		Executable = C:\Program Files (x86)\LINQPad5\LPRun.exe
		RemoteMachine = DESKTOP-VNE5CKC
		StartingDirectory = C:\Users\leidegre\Desktop\neils
		Arguments = TDG.linq -publish
		Environment = Default
		LaunchingEngine = fb0d4648-f776-4980-95f8-bb7f36ebc1ee
		UseLegacyDebugEngines = No
		LaunchSQLEngine = No
		AttachLaunchAction = No
	EndProjectSection
EndProject
Global
	GlobalSection(SolutionConfigurationPlatforms) = preSolution
		Debug|Any CPU = Debug|Any CPU
		Debug|x64 = Debug|x64
		Debug|x86 = Debug|x86
		Release|Any CPU = Release|Any CPU
		Release|x64 = Release|x64
		Release|x86 = Release|x86
	EndGlobalSection
	GlobalSection(ProjectConfigurationPlatforms) = postSolution
		{950E0A4C-470D-4FD2-B90E-B9150CCCB4BB}.Debug|Any CPU.ActiveCfg = Debug|Any CPU
		{950E0A4C-470D-4FD2-B90E-B9150CCCB4BB}.Debug|Any CPU.Build.0 = Debug|Any CPU
		{950E0A4C-470D-4FD2-B90E-B9150CCCB4BB}.Debug|x64.ActiveCfg = Debug|Any CPU
		{950E0A4C-470D-4FD2-B90E-B9150CCCB4BB}.Debug|x64.Build.0 = Debug|Any CPU
		{950E0A4C-470D-4FD2-B90E-B9150CCCB4BB}.Debug|x86.ActiveCfg = Debug|Any CPU
		{950E0A4C-470D-4FD2-B90E-B9150CCCB4BB}.Debug|x86.Build.0 = Debug|Any CPU
		{950E0A4C-470D-4FD2-B90E-B9150CCCB4BB}.Release|Any CPU.ActiveCfg = Release|Any CPU
		{950E0A4C-470D-4FD2-B90E-B9150CCCB4BB}.Release|Any CPU.Build.0 = Release|Any CPU
		{950E0A4C-470D-4FD2-B90E-B9150CCCB4BB}.Release|x64.ActiveCfg = Release|Any CPU
		{950E0A4C-470D-4FD2-B90E-B9150CCCB4BB}.Release|x64.Build.0 = Release|Any CPU
		{950E0A4C-470D-4FD2-B90E-B9150CCCB4BB}.Release|x86.ActiveCfg = Release|Any CPU
		{950E0A4C-470D-4FD2-B90E-B9150CCCB4BB}.Release|x86.Build.0 = Release|Any CPU
		{5B077C09-B76A-4B2C-A46C-772CADED29FF}.Debug|Any CPU.ActiveCfg = Debug|Any CPU
		{5B077C09-B76A-4B2C-A46C-772CADED29FF}.Debug|Any CPU.Build.0 = Debug|Any CPU
		{5B077C09-B76A-4B2C-A46C-772CADED29FF}.Debug|x64.ActiveCfg = Debug|Any CPU
		{5B077C09-B76A-4B2C-A46C-772CADED29FF}.Debug|x64.Build.0 = Debug|Any CPU
		{5B077C09-B76A-4B2C-A46C-772CADED29FF}.Debug|x86.ActiveCfg = Debug|Any CPU
		{5B077C09-B76A-4B2C-A46C-772CADED29FF}.Debug|x86.Build.0 = Debug|Any CPU
		{5B077C09-B76A-4B2C-A46C-772CADED29FF}.Release|Any CPU.ActiveCfg = Release|Any CPU
		{5B077C09-B76A-4B2C-A46C-772CADED29FF}.Release|Any CPU.Build.0 = Release|Any CPU
		{5B077C09-B76A-4B2C-A46C-772CADED29FF}.Release|x64.ActiveCfg = Release|Any CPU
		{5B077C09-B76A-4B2C-A46C-772CADED29FF}.Release|x64.Build.0 = Release|Any CPU
		{5B077C09-B76A-4B2C-A46C-772CADED29FF}.Release|x86.ActiveCfg = Release|Any CPU
		{5B077C09-B76A-4B2C-A46C-772CADED29FF}.Release|x86.Build.0 = Release|Any CPU
		{D72994B8-B379-4244-9F1C-AEE715218C37}.Debug|Any CPU.ActiveCfg = Release|x86
		{D72994B8-B379-4244-9F1C-AEE715218C37}.Debug|x64.ActiveCfg = Release|x86
		{D72994B8-B379-4244-9F1C-AEE715218C37}.Debug|x86.ActiveCfg = Release|x86
		{D72994B8-B379-4244-9F1C-AEE715218C37}.Release|Any CPU.ActiveCfg = Release|x86
		{D72994B8-B379-4244-9F1C-AEE715218C37}.Release|x64.ActiveCfg = Release|x86
		{D72994B8-B379-4244-9F1C-AEE715218C37}.Release|x86.ActiveCfg = Release|x86
		{E5627396-C7D4-48FC-AE59-6EC6BFA98287}.Debug|Any CPU.ActiveCfg = Release|x86
		{E5627396-C7D4-48FC-AE59-6EC6BFA98287}.Debug|x64.ActiveCfg = Release|x86
		{E5627396-C7D4-48FC-AE59-6EC6BFA98287}.Debug|x86.ActiveCfg = Release|x86
		{E5627396-C7D4-48FC-AE59-6EC6BFA98287}.Release|Any CPU.ActiveCfg = Release|x86
		{E5627396-C7D4-48FC-AE59-6EC6BFA98287}.Release|x64.ActiveCfg = Release|x86
		{E5627396-C7D4-48FC-AE59-6EC6BFA98287}.Release|x86.ActiveCfg = Release|x86
	EndGlobalSection
	GlobalSection(SolutionProperties) = preSolution
		HideSolutionNode = FALSE
	EndGlobalSection
	GlobalSection(ExtensibilityGlobals) = postSolution
		SolutionGuid = {A73FB5DF-396D-48D2-87E3-AC12E0E10CF6}
	EndGlobalSection
EndGlobal
