
Microsoft Visual Studio Solution File, Format Version 12.00
# Visual Studio 15
VisualStudioVersion = 15.0.26124.0
MinimumVisualStudioVersion = 15.0.26124.0
Project("{FAE04EC0-301F-11D3-BF4B-00C04F79EFBC}") = "CloudPad", "CloudPad\CloudPad.csproj", "{950E0A4C-470D-4FD2-B90E-B9150CCCB4BB}"
EndProject
Project("{FAE04EC0-301F-11D3-BF4B-00C04F79EFBC}") = "CloudPad.FunctionApp", "CloudPad.FunctionApp\CloudPad.FunctionApp.csproj", "{5B077C09-B76A-4B2C-A46C-772CADED29FF}"
EndProject
Global
	GlobalSection(SolutionConfigurationPlatforms) = preSolution
		Debug|Any CPU = Debug|Any CPU
		Debug|x64 = Debug|x64
		Debug|x86 = Debug|x86
		Release|Any CPU = Release|Any CPU
		Release|x64 = Release|x64
		Release|x86 = Release|x86
	EndGlobalSection
	GlobalSection(SolutionProperties) = preSolution
		HideSolutionNode = FALSE
	EndGlobalSection
	GlobalSection(ProjectConfigurationPlatforms) = postSolution
		{950E0A4C-470D-4FD2-B90E-B9150CCCB4BB}.Debug|Any CPU.ActiveCfg = Debug|Any CPU
		{950E0A4C-470D-4FD2-B90E-B9150CCCB4BB}.Debug|Any CPU.Build.0 = Debug|Any CPU
		{950E0A4C-470D-4FD2-B90E-B9150CCCB4BB}.Debug|x64.ActiveCfg = Debug|Any CPU
		{950E0A4C-470D-4FD2-B90E-B9150CCCB4BB}.Debug|x64.Build.0 = Debug|Any CPU
		{950E0A4C-470D-4FD2-B90E-B9150CCCB4BB}.Debug|x86.ActiveCfg = Debug|Any CPU
		{950E0A4C-470D-4FD2-B90E-B9150CCCB4BB}.Debug|x86.Build.0 = Debug|Any CPU
		{950E0A4C-470D-4FD2-B90E-B9150CCCB4BB}.Release|Any CPU.ActiveCfg = Release|Any CPU
		{950E0A4C-470D-4FD2-B90E-B9150CCCB4BB}.Release|Any CPU.Build.0 = Release|Any CPU
		{950E0A4C-470D-4FD2-B90E-B9150CCCB4BB}.Release|x64.ActiveCfg = Release|Any CPU
		{950E0A4C-470D-4FD2-B90E-B9150CCCB4BB}.Release|x64.Build.0 = Release|Any CPU
		{950E0A4C-470D-4FD2-B90E-B9150CCCB4BB}.Release|x86.ActiveCfg = Release|Any CPU
		{950E0A4C-470D-4FD2-B90E-B9150CCCB4BB}.Release|x86.Build.0 = Release|Any CPU
		{5B077C09-B76A-4B2C-A46C-772CADED29FF}.Debug|Any CPU.ActiveCfg = Debug|Any CPU
		{5B077C09-B76A-4B2C-A46C-772CADED29FF}.Debug|Any CPU.Build.0 = Debug|Any CPU
		{5B077C09-B76A-4B2C-A46C-772CADED29FF}.Debug|x64.ActiveCfg = Debug|Any CPU
		{5B077C09-B76A-4B2C-A46C-772CADED29FF}.Debug|x64.Build.0 = Debug|Any CPU
		{5B077C09-B76A-4B2C-A46C-772CADED29FF}.Debug|x86.ActiveCfg = Debug|Any CPU
		{5B077C09-B76A-4B2C-A46C-772CADED29FF}.Debug|x86.Build.0 = Debug|Any CPU
		{5B077C09-B76A-4B2C-A46C-772CADED29FF}.Release|Any CPU.ActiveCfg = Release|Any CPU
		{5B077C09-B76A-4B2C-A46C-772CADED29FF}.Release|Any CPU.Build.0 = Release|Any CPU
		{5B077C09-B76A-4B2C-A46C-772CADED29FF}.Release|x64.ActiveCfg = Release|Any CPU
		{5B077C09-B76A-4B2C-A46C-772CADED29FF}.Release|x64.Build.0 = Release|Any CPU
		{5B077C09-B76A-4B2C-A46C-772CADED29FF}.Release|x86.ActiveCfg = Release|Any CPU
		{5B077C09-B76A-4B2C-A46C-772CADED29FF}.Release|x86.Build.0 = Release|Any CPU
	EndGlobalSection
EndGlobal
